
Microsoft Visual Studio Solution File, Format Version 11.00
# Visual Studio 2010
Project("{8BC9CEB8-8B4A-11D0-8D11-00A0C91BC942}") = "DirectX", "DirectX\DirectX.vcxproj", "{F6A474D3-76DD-438B-8FEB-E7E3079C29DB}"
EndProject
Global
	GlobalSection(SolutionConfigurationPlatforms) = preSolution
		Debug|Win32 = Debug|Win32
		Release|Win32 = Release|Win32
	EndGlobalSection
	GlobalSection(ProjectConfigurationPlatforms) = postSolution
		{F6A474D3-76DD-438B-8FEB-E7E3079C29DB}.Debug|Win32.ActiveCfg = Debug|Win32
		{F6A474D3-76DD-438B-8FEB-E7E3079C29DB}.Debug|Win32.Build.0 = Debug|Win32
		{F6A474D3-76DD-438B-8FEB-E7E3079C29DB}.Release|Win32.ActiveCfg = Release|Win32
		{F6A474D3-76DD-438B-8FEB-E7E3079C29DB}.Release|Win32.Build.0 = Release|Win32
	EndGlobalSection
	GlobalSection(SolutionProperties) = preSolution
		HideSolutionNode = FALSE
	EndGlobalSection
EndGlobal
